
Microsoft Visual Studio Solution File, Format Version 12.00
# Visual Studio Version 16
VisualStudioVersion = 16.0.30517.126
MinimumVisualStudioVersion = 10.0.40219.1
Project("{FAE04EC0-301F-11D3-BF4B-00C04F79EFBC}") = "Rezerwacja stolików", "Rezerwacja stolików\Rezerwacja stolików.csproj", "{387D088E-9492-4E89-BCBD-8CC7698DA6C3}"
EndProject
Global
	GlobalSection(SolutionConfigurationPlatforms) = preSolution
		Debug|Any CPU = Debug|Any CPU
		Release|Any CPU = Release|Any CPU
	EndGlobalSection
	GlobalSection(ProjectConfigurationPlatforms) = postSolution
		{387D088E-9492-4E89-BCBD-8CC7698DA6C3}.Debug|Any CPU.ActiveCfg = Debug|Any CPU
		{387D088E-9492-4E89-BCBD-8CC7698DA6C3}.Debug|Any CPU.Build.0 = Debug|Any CPU
		{387D088E-9492-4E89-BCBD-8CC7698DA6C3}.Release|Any CPU.ActiveCfg = Release|Any CPU
		{387D088E-9492-4E89-BCBD-8CC7698DA6C3}.Release|Any CPU.Build.0 = Release|Any CPU
	EndGlobalSection
	GlobalSection(SolutionProperties) = preSolution
		HideSolutionNode = FALSE
	EndGlobalSection
	GlobalSection(ExtensibilityGlobals) = postSolution
		SolutionGuid = {A200557C-8AEF-4EF4-B1B8-2E55448C460E}
	EndGlobalSection
EndGlobal
